
Microsoft Visual Studio Solution File, Format Version 12.00
# Visual Studio 15
Project("{FAE04EC0-301F-11D3-BF4B-00C04F79EFBC}") = "UaClientConnect", "NewTestApp\UaClientConnect.csproj", "{493CA694-1A88-4D14-B854-0EDDB1932C16}"
EndProject
Global
	GlobalSection(SolutionConfigurationPlatforms) = preSolution
		Debug|iPhoneSimulator = Debug|iPhoneSimulator
		Release|iPhoneSimulator = Release|iPhoneSimulator
		Debug|iPhone = Debug|iPhone
		Release|iPhone = Release|iPhone
	EndGlobalSection
	GlobalSection(ProjectConfigurationPlatforms) = postSolution
		{493CA694-1A88-4D14-B854-0EDDB1932C16}.Debug|iPhoneSimulator.ActiveCfg = Debug|iPhoneSimulator
		{493CA694-1A88-4D14-B854-0EDDB1932C16}.Debug|iPhoneSimulator.Build.0 = Debug|iPhoneSimulator
		{493CA694-1A88-4D14-B854-0EDDB1932C16}.Release|iPhoneSimulator.ActiveCfg = Release|iPhoneSimulator
		{493CA694-1A88-4D14-B854-0EDDB1932C16}.Release|iPhoneSimulator.Build.0 = Release|iPhoneSimulator
		{493CA694-1A88-4D14-B854-0EDDB1932C16}.Debug|iPhone.ActiveCfg = Debug|iPhone
		{493CA694-1A88-4D14-B854-0EDDB1932C16}.Debug|iPhone.Build.0 = Debug|iPhone
		{493CA694-1A88-4D14-B854-0EDDB1932C16}.Release|iPhone.ActiveCfg = Release|iPhone
		{493CA694-1A88-4D14-B854-0EDDB1932C16}.Release|iPhone.Build.0 = Release|iPhone
	EndGlobalSection
	GlobalSection(MonoDevelopProperties) = preSolution
		Policies = $0
		$0.DotNetNamingPolicy = $1
		$1.DirectoryNamespaceAssociation = PrefixedHierarchical
		$0.TextStylePolicy = $2
		$2.inheritsSet = null
		$2.scope = text/x-csharp
		$0.CSharpFormattingPolicy = $3
		$3.scope = text/x-csharp
		$0.VersionControlPolicy = $4
	EndGlobalSection
EndGlobal
